
Microsoft Visual Studio Solution File, Format Version 12.00
# Visual Studio Version 17
VisualStudioVersion = 17.8.34511.84
MinimumVisualStudioVersion = 10.0.40219.1
Project("{FAE04EC0-301F-11D3-BF4B-00C04F79EFBC}") = "Average of Even", "Average of Even.csproj", "{350C744F-420D-4973-BDF0-F7C7613CB0D7}"
EndProject
Global
	GlobalSection(SolutionConfigurationPlatforms) = preSolution
		Debug|Any CPU = Debug|Any CPU
		Release|Any CPU = Release|Any CPU
	EndGlobalSection
	GlobalSection(ProjectConfigurationPlatforms) = postSolution
		{350C744F-420D-4973-BDF0-F7C7613CB0D7}.Debug|Any CPU.ActiveCfg = Debug|Any CPU
		{350C744F-420D-4973-BDF0-F7C7613CB0D7}.Debug|Any CPU.Build.0 = Debug|Any CPU
		{350C744F-420D-4973-BDF0-F7C7613CB0D7}.Release|Any CPU.ActiveCfg = Release|Any CPU
		{350C744F-420D-4973-BDF0-F7C7613CB0D7}.Release|Any CPU.Build.0 = Release|Any CPU
	EndGlobalSection
	GlobalSection(SolutionProperties) = preSolution
		HideSolutionNode = FALSE
	EndGlobalSection
	GlobalSection(ExtensibilityGlobals) = postSolution
		SolutionGuid = {DE624BA1-11D6-4FD3-996A-E11D58E09F24}
	EndGlobalSection
EndGlobal
